
Microsoft Visual Studio Solution File, Format Version 12.00
# Visual Studio Version 17
VisualStudioVersion = 17.13.35828.75
MinimumVisualStudioVersion = 10.0.40219.1
Project("{2150E333-8FDC-42A3-9474-1A3956D46DE8}") = "Core", "Core", "{02EA681E-C7D8-13C7-8484-4AC65E1B71E8}"
EndProject
Project("{2150E333-8FDC-42A3-9474-1A3956D46DE8}") = "Infrastructure", "Infrastructure", "{8E9BC15F-673C-4E11-B017-0788C8015E0E}"
EndProject
Project("{2150E333-8FDC-42A3-9474-1A3956D46DE8}") = "Presentation", "Presentation", "{B8D1C5C5-0E93-4393-8E60-560741980643}"
EndProject
Project("{2150E333-8FDC-42A3-9474-1A3956D46DE8}") = "FrontEnd", "FrontEnd", "{B49F3F46-FC56-4610-A83F-12BA2A910567}"
EndProject
Project("{FAE04EC0-301F-11D3-BF4B-00C04F79EFBC}") = "PortfolioV1.Domain", "Core\PortfolioV1.Domain\PortfolioV1.Domain.csproj", "{57D67D76-EBCA-47D4-A8A5-65DF1303BE1F}"
EndProject
Project("{FAE04EC0-301F-11D3-BF4B-00C04F79EFBC}") = "PortfolioV1.Application", "Core\PortfolioV1.Application\PortfolioV1.Application.csproj", "{DEDB6E7B-A8EE-4F68-9D2D-2BA10883AE5D}"
EndProject
Project("{FAE04EC0-301F-11D3-BF4B-00C04F79EFBC}") = "PortfolioV1.Persistence", "Infrastructure\PortfolioV1.Persistence\PortfolioV1.Persistence.csproj", "{2B17BD99-2B3F-4162-8E78-382F1BBDFDBF}"
EndProject
Project("{FAE04EC0-301F-11D3-BF4B-00C04F79EFBC}") = "PortfolioV1.Infrastructure", "Infrastructure\PortfolioV1.Infrastructure\PortfolioV1.Infrastructure.csproj", "{4A526F02-80DF-42BB-A3C3-D09F2982C136}"
EndProject
Project("{FAE04EC0-301F-11D3-BF4B-00C04F79EFBC}") = "PortfolioV1.WebApi", "Presentation\PortfolioV1.WebApi\PortfolioV1.WebApi.csproj", "{F3CB837D-CF53-40C9-AC5B-9B0611660972}"
EndProject
Project("{FAE04EC0-301F-11D3-BF4B-00C04F79EFBC}") = "PortfolioV1.DTO", "Core\PortfolioV1.DTO\PortfolioV1.DTO.csproj", "{915BA813-DE9B-4104-802F-EC597A827DEA}"
EndProject
Global
	GlobalSection(SolutionConfigurationPlatforms) = preSolution
		Debug|Any CPU = Debug|Any CPU
		Release|Any CPU = Release|Any CPU
	EndGlobalSection
	GlobalSection(ProjectConfigurationPlatforms) = postSolution
		{57D67D76-EBCA-47D4-A8A5-65DF1303BE1F}.Debug|Any CPU.ActiveCfg = Debug|Any CPU
		{57D67D76-EBCA-47D4-A8A5-65DF1303BE1F}.Debug|Any CPU.Build.0 = Debug|Any CPU
		{57D67D76-EBCA-47D4-A8A5-65DF1303BE1F}.Release|Any CPU.ActiveCfg = Release|Any CPU
		{57D67D76-EBCA-47D4-A8A5-65DF1303BE1F}.Release|Any CPU.Build.0 = Release|Any CPU
		{DEDB6E7B-A8EE-4F68-9D2D-2BA10883AE5D}.Debug|Any CPU.ActiveCfg = Debug|Any CPU
		{DEDB6E7B-A8EE-4F68-9D2D-2BA10883AE5D}.Debug|Any CPU.Build.0 = Debug|Any CPU
		{DEDB6E7B-A8EE-4F68-9D2D-2BA10883AE5D}.Release|Any CPU.ActiveCfg = Release|Any CPU
		{DEDB6E7B-A8EE-4F68-9D2D-2BA10883AE5D}.Release|Any CPU.Build.0 = Release|Any CPU
		{2B17BD99-2B3F-4162-8E78-382F1BBDFDBF}.Debug|Any CPU.ActiveCfg = Debug|Any CPU
		{2B17BD99-2B3F-4162-8E78-382F1BBDFDBF}.Debug|Any CPU.Build.0 = Debug|Any CPU
		{2B17BD99-2B3F-4162-8E78-382F1BBDFDBF}.Release|Any CPU.ActiveCfg = Release|Any CPU
		{2B17BD99-2B3F-4162-8E78-382F1BBDFDBF}.Release|Any CPU.Build.0 = Release|Any CPU
		{4A526F02-80DF-42BB-A3C3-D09F2982C136}.Debug|Any CPU.ActiveCfg = Debug|Any CPU
		{4A526F02-80DF-42BB-A3C3-D09F2982C136}.Debug|Any CPU.Build.0 = Debug|Any CPU
		{4A526F02-80DF-42BB-A3C3-D09F2982C136}.Release|Any CPU.ActiveCfg = Release|Any CPU
		{4A526F02-80DF-42BB-A3C3-D09F2982C136}.Release|Any CPU.Build.0 = Release|Any CPU
		{F3CB837D-CF53-40C9-AC5B-9B0611660972}.Debug|Any CPU.ActiveCfg = Debug|Any CPU
		{F3CB837D-CF53-40C9-AC5B-9B0611660972}.Debug|Any CPU.Build.0 = Debug|Any CPU
		{F3CB837D-CF53-40C9-AC5B-9B0611660972}.Release|Any CPU.ActiveCfg = Release|Any CPU
		{F3CB837D-CF53-40C9-AC5B-9B0611660972}.Release|Any CPU.Build.0 = Release|Any CPU
		{915BA813-DE9B-4104-802F-EC597A827DEA}.Debug|Any CPU.ActiveCfg = Debug|Any CPU
		{915BA813-DE9B-4104-802F-EC597A827DEA}.Debug|Any CPU.Build.0 = Debug|Any CPU
		{915BA813-DE9B-4104-802F-EC597A827DEA}.Release|Any CPU.ActiveCfg = Release|Any CPU
		{915BA813-DE9B-4104-802F-EC597A827DEA}.Release|Any CPU.Build.0 = Release|Any CPU
	EndGlobalSection
	GlobalSection(SolutionProperties) = preSolution
		HideSolutionNode = FALSE
	EndGlobalSection
	GlobalSection(NestedProjects) = preSolution
		{57D67D76-EBCA-47D4-A8A5-65DF1303BE1F} = {02EA681E-C7D8-13C7-8484-4AC65E1B71E8}
		{DEDB6E7B-A8EE-4F68-9D2D-2BA10883AE5D} = {02EA681E-C7D8-13C7-8484-4AC65E1B71E8}
		{2B17BD99-2B3F-4162-8E78-382F1BBDFDBF} = {8E9BC15F-673C-4E11-B017-0788C8015E0E}
		{4A526F02-80DF-42BB-A3C3-D09F2982C136} = {8E9BC15F-673C-4E11-B017-0788C8015E0E}
		{F3CB837D-CF53-40C9-AC5B-9B0611660972} = {B8D1C5C5-0E93-4393-8E60-560741980643}
		{915BA813-DE9B-4104-802F-EC597A827DEA} = {02EA681E-C7D8-13C7-8484-4AC65E1B71E8}
	EndGlobalSection
	GlobalSection(ExtensibilityGlobals) = postSolution
		SolutionGuid = {CA5AC9C5-2711-4569-8D12-7842F1290937}
	EndGlobalSection
EndGlobal
